
Microsoft Visual Studio Solution File, Format Version 12.00
# Visual Studio Version 16
VisualStudioVersion = 16.0.30711.63
MinimumVisualStudioVersion = 10.0.40219.1
Project("{9A19103F-16F7-4668-BE54-9A1E7A4F7556}") = "AdessoRideShare.Entity", "AdessoRideShare.Entity\AdessoRideShare.Entity.csproj", "{7ECC6CFA-3D43-4EF0-A445-ABD6B0D7FC39}"
EndProject
Project("{9A19103F-16F7-4668-BE54-9A1E7A4F7556}") = "AdessoRideShare.Shared", "AdessoRideShare.Shared\AdessoRideShare.Shared.csproj", "{B759580C-7515-4251-91F6-BA861651C182}"
EndProject
Project("{9A19103F-16F7-4668-BE54-9A1E7A4F7556}") = "AdessoRideShare.DataAccess", "AdessoRideShare.DataAccess\AdessoRideShare.DataAccess.csproj", "{C9BA7C55-886E-451A-BF0D-6B22CAF17DC0}"
EndProject
Project("{9A19103F-16F7-4668-BE54-9A1E7A4F7556}") = "AdessoRideShare.API", "AdessoRideShare.Service\AdessoRideShare.API.csproj", "{A50FE3FC-E73D-4E53-9DDF-270FFEFBE30D}"
EndProject
Project("{9A19103F-16F7-4668-BE54-9A1E7A4F7556}") = "AdessoRideShare.BL", "AdessoRideShare.BL\AdessoRideShare.BL.csproj", "{5E9BF7D9-13A2-456C-A7CC-5630EA7624FD}"
EndProject
Global
	GlobalSection(SolutionConfigurationPlatforms) = preSolution
		Debug|Any CPU = Debug|Any CPU
		Release|Any CPU = Release|Any CPU
	EndGlobalSection
	GlobalSection(ProjectConfigurationPlatforms) = postSolution
		{7ECC6CFA-3D43-4EF0-A445-ABD6B0D7FC39}.Debug|Any CPU.ActiveCfg = Debug|Any CPU
		{7ECC6CFA-3D43-4EF0-A445-ABD6B0D7FC39}.Debug|Any CPU.Build.0 = Debug|Any CPU
		{7ECC6CFA-3D43-4EF0-A445-ABD6B0D7FC39}.Release|Any CPU.ActiveCfg = Release|Any CPU
		{7ECC6CFA-3D43-4EF0-A445-ABD6B0D7FC39}.Release|Any CPU.Build.0 = Release|Any CPU
		{B759580C-7515-4251-91F6-BA861651C182}.Debug|Any CPU.ActiveCfg = Debug|Any CPU
		{B759580C-7515-4251-91F6-BA861651C182}.Debug|Any CPU.Build.0 = Debug|Any CPU
		{B759580C-7515-4251-91F6-BA861651C182}.Release|Any CPU.ActiveCfg = Release|Any CPU
		{B759580C-7515-4251-91F6-BA861651C182}.Release|Any CPU.Build.0 = Release|Any CPU
		{C9BA7C55-886E-451A-BF0D-6B22CAF17DC0}.Debug|Any CPU.ActiveCfg = Debug|Any CPU
		{C9BA7C55-886E-451A-BF0D-6B22CAF17DC0}.Debug|Any CPU.Build.0 = Debug|Any CPU
		{C9BA7C55-886E-451A-BF0D-6B22CAF17DC0}.Release|Any CPU.ActiveCfg = Release|Any CPU
		{C9BA7C55-886E-451A-BF0D-6B22CAF17DC0}.Release|Any CPU.Build.0 = Release|Any CPU
		{A50FE3FC-E73D-4E53-9DDF-270FFEFBE30D}.Debug|Any CPU.ActiveCfg = Debug|Any CPU
		{A50FE3FC-E73D-4E53-9DDF-270FFEFBE30D}.Debug|Any CPU.Build.0 = Debug|Any CPU
		{A50FE3FC-E73D-4E53-9DDF-270FFEFBE30D}.Release|Any CPU.ActiveCfg = Release|Any CPU
		{A50FE3FC-E73D-4E53-9DDF-270FFEFBE30D}.Release|Any CPU.Build.0 = Release|Any CPU
		{5E9BF7D9-13A2-456C-A7CC-5630EA7624FD}.Debug|Any CPU.ActiveCfg = Debug|Any CPU
		{5E9BF7D9-13A2-456C-A7CC-5630EA7624FD}.Debug|Any CPU.Build.0 = Debug|Any CPU
		{5E9BF7D9-13A2-456C-A7CC-5630EA7624FD}.Release|Any CPU.ActiveCfg = Release|Any CPU
		{5E9BF7D9-13A2-456C-A7CC-5630EA7624FD}.Release|Any CPU.Build.0 = Release|Any CPU
	EndGlobalSection
	GlobalSection(SolutionProperties) = preSolution
		HideSolutionNode = FALSE
	EndGlobalSection
	GlobalSection(ExtensibilityGlobals) = postSolution
		SolutionGuid = {6CC0C5FA-8280-4A0C-A61A-4B7E20417FA1}
	EndGlobalSection
EndGlobal
